
Microsoft Visual Studio Solution File, Format Version 12.00
# Visual Studio Version 17
VisualStudioVersion = 17.1.32421.90
MinimumVisualStudioVersion = 10.0.40219.1
Project("{9A19103F-16F7-4668-BE54-9A1E7A4F7556}") = "Quotes.Import.Service", "Quotes.Import.Service\Quotes.Import.Service.csproj", "{C9C869C2-06A5-4BD9-A2FD-29CE93A869A2}"
EndProject
Project("{9A19103F-16F7-4668-BE54-9A1E7A4F7556}") = "Quotes.Import.Client", "Quotes.Import.Client\Quotes.Import.Client.csproj", "{577B4270-3119-4F73-8FAE-FD0DC20570D0}"
EndProject
Project("{2150E333-8FDC-42A3-9474-1A3956D46DE8}") = "Clients", "Clients", "{A0BD590D-EF74-4D65-8173-A234537B0D10}"
EndProject
Project("{2150E333-8FDC-42A3-9474-1A3956D46DE8}") = "Services", "Services", "{EDFBB405-112A-41A2-B0F6-B6431425BDC5}"
EndProject
Project("{2150E333-8FDC-42A3-9474-1A3956D46DE8}") = "Common", "Common", "{6B7CCA15-B77F-40C6-B723-CF8CDF05B36E}"
EndProject
Project("{FAE04EC0-301F-11D3-BF4B-00C04F79EFBC}") = "Quotes.Reader.Client", "Quotes.Reader.Client\Quotes.Reader.Client.csproj", "{100628AC-43B1-47EC-A5E4-F888006523DD}"
EndProject
Project("{FAE04EC0-301F-11D3-BF4B-00C04F79EFBC}") = "Quotes.Common.Contracts", "Quotes.Common.Contracts\Quotes.Common.Contracts.csproj", "{3078C293-A792-4F1B-9C67-A027E20B3F50}"
EndProject
Project("{2150E333-8FDC-42A3-9474-1A3956D46DE8}") = "Tests", "Tests", "{D53DE4D9-851D-4693-8E1D-D6BB5CCDD713}"
EndProject
Project("{FAE04EC0-301F-11D3-BF4B-00C04F79EFBC}") = "Quotes.Import.Client.Integration.Test", "Quotes.Import.Client.Integration.Test\Quotes.Import.Client.Integration.Test.csproj", "{1AD68F57-B3E9-4A55-B652-BE9389B7130C}"
EndProject
Global
	GlobalSection(SolutionConfigurationPlatforms) = preSolution
		Debug|Any CPU = Debug|Any CPU
		Release|Any CPU = Release|Any CPU
	EndGlobalSection
	GlobalSection(ProjectConfigurationPlatforms) = postSolution
		{C9C869C2-06A5-4BD9-A2FD-29CE93A869A2}.Debug|Any CPU.ActiveCfg = Debug|Any CPU
		{C9C869C2-06A5-4BD9-A2FD-29CE93A869A2}.Debug|Any CPU.Build.0 = Debug|Any CPU
		{C9C869C2-06A5-4BD9-A2FD-29CE93A869A2}.Release|Any CPU.ActiveCfg = Release|Any CPU
		{C9C869C2-06A5-4BD9-A2FD-29CE93A869A2}.Release|Any CPU.Build.0 = Release|Any CPU
		{577B4270-3119-4F73-8FAE-FD0DC20570D0}.Debug|Any CPU.ActiveCfg = Debug|Any CPU
		{577B4270-3119-4F73-8FAE-FD0DC20570D0}.Debug|Any CPU.Build.0 = Debug|Any CPU
		{577B4270-3119-4F73-8FAE-FD0DC20570D0}.Release|Any CPU.ActiveCfg = Release|Any CPU
		{577B4270-3119-4F73-8FAE-FD0DC20570D0}.Release|Any CPU.Build.0 = Release|Any CPU
		{100628AC-43B1-47EC-A5E4-F888006523DD}.Debug|Any CPU.ActiveCfg = Debug|Any CPU
		{100628AC-43B1-47EC-A5E4-F888006523DD}.Debug|Any CPU.Build.0 = Debug|Any CPU
		{100628AC-43B1-47EC-A5E4-F888006523DD}.Release|Any CPU.ActiveCfg = Release|Any CPU
		{100628AC-43B1-47EC-A5E4-F888006523DD}.Release|Any CPU.Build.0 = Release|Any CPU
		{3078C293-A792-4F1B-9C67-A027E20B3F50}.Debug|Any CPU.ActiveCfg = Debug|Any CPU
		{3078C293-A792-4F1B-9C67-A027E20B3F50}.Debug|Any CPU.Build.0 = Debug|Any CPU
		{3078C293-A792-4F1B-9C67-A027E20B3F50}.Release|Any CPU.ActiveCfg = Release|Any CPU
		{3078C293-A792-4F1B-9C67-A027E20B3F50}.Release|Any CPU.Build.0 = Release|Any CPU
		{1AD68F57-B3E9-4A55-B652-BE9389B7130C}.Debug|Any CPU.ActiveCfg = Debug|Any CPU
		{1AD68F57-B3E9-4A55-B652-BE9389B7130C}.Debug|Any CPU.Build.0 = Debug|Any CPU
		{1AD68F57-B3E9-4A55-B652-BE9389B7130C}.Release|Any CPU.ActiveCfg = Release|Any CPU
		{1AD68F57-B3E9-4A55-B652-BE9389B7130C}.Release|Any CPU.Build.0 = Release|Any CPU
	EndGlobalSection
	GlobalSection(SolutionProperties) = preSolution
		HideSolutionNode = FALSE
	EndGlobalSection
	GlobalSection(NestedProjects) = preSolution
		{C9C869C2-06A5-4BD9-A2FD-29CE93A869A2} = {EDFBB405-112A-41A2-B0F6-B6431425BDC5}
		{577B4270-3119-4F73-8FAE-FD0DC20570D0} = {A0BD590D-EF74-4D65-8173-A234537B0D10}
		{100628AC-43B1-47EC-A5E4-F888006523DD} = {A0BD590D-EF74-4D65-8173-A234537B0D10}
		{3078C293-A792-4F1B-9C67-A027E20B3F50} = {6B7CCA15-B77F-40C6-B723-CF8CDF05B36E}
		{D53DE4D9-851D-4693-8E1D-D6BB5CCDD713} = {A0BD590D-EF74-4D65-8173-A234537B0D10}
		{1AD68F57-B3E9-4A55-B652-BE9389B7130C} = {D53DE4D9-851D-4693-8E1D-D6BB5CCDD713}
	EndGlobalSection
	GlobalSection(ExtensibilityGlobals) = postSolution
		SolutionGuid = {2EFB9257-4538-4C2F-BF6B-28143016BE80}
	EndGlobalSection
EndGlobal
